
Microsoft Visual Studio Solution File, Format Version 12.00
# Visual Studio 15
VisualStudioVersion = 15.0.27130.2010
MinimumVisualStudioVersion = 10.0.40219.1
Project("{FAE04EC0-301F-11D3-BF4B-00C04F79EFBC}") = "ChurrascoManager", "ChurrascoManager\ChurrascoManager.csproj", "{00DAAC94-6B0D-4E36-BE68-FD1D124AF42B}"
EndProject
Global
	GlobalSection(SolutionConfigurationPlatforms) = preSolution
		Debug|Any CPU = Debug|Any CPU
		Release|Any CPU = Release|Any CPU
	EndGlobalSection
	GlobalSection(ProjectConfigurationPlatforms) = postSolution
		{00DAAC94-6B0D-4E36-BE68-FD1D124AF42B}.Debug|Any CPU.ActiveCfg = Debug|Any CPU
		{00DAAC94-6B0D-4E36-BE68-FD1D124AF42B}.Debug|Any CPU.Build.0 = Debug|Any CPU
		{00DAAC94-6B0D-4E36-BE68-FD1D124AF42B}.Release|Any CPU.ActiveCfg = Release|Any CPU
		{00DAAC94-6B0D-4E36-BE68-FD1D124AF42B}.Release|Any CPU.Build.0 = Release|Any CPU
	EndGlobalSection
	GlobalSection(SolutionProperties) = preSolution
		HideSolutionNode = FALSE
	EndGlobalSection
	GlobalSection(ExtensibilityGlobals) = postSolution
		SolutionGuid = {9D3D6037-8BCD-4558-9308-C578903B7969}
	EndGlobalSection
EndGlobal
